
Microsoft Visual Studio Solution File, Format Version 12.00
# Visual Studio 14
VisualStudioVersion = 14.0.25420.1
MinimumVisualStudioVersion = 10.0.40219.1
Project("{FAE04EC0-301F-11D3-BF4B-00C04F79EFBC}") = "Deberg", "Deberg\Deberg.csproj", "{C795A49A-A7EE-46F1-897B-865035435BEC}"
EndProject
Global
	GlobalSection(SolutionConfigurationPlatforms) = preSolution
		Debug|Any CPU = Debug|Any CPU
		Release|Any CPU = Release|Any CPU
	EndGlobalSection
	GlobalSection(ProjectConfigurationPlatforms) = postSolution
		{C795A49A-A7EE-46F1-897B-865035435BEC}.Debug|Any CPU.ActiveCfg = Debug|Any CPU
		{C795A49A-A7EE-46F1-897B-865035435BEC}.Debug|Any CPU.Build.0 = Debug|Any CPU
		{C795A49A-A7EE-46F1-897B-865035435BEC}.Release|Any CPU.ActiveCfg = Release|Any CPU
		{C795A49A-A7EE-46F1-897B-865035435BEC}.Release|Any CPU.Build.0 = Release|Any CPU
	EndGlobalSection
	GlobalSection(SolutionProperties) = preSolution
		HideSolutionNode = FALSE
	EndGlobalSection
EndGlobal
