
Microsoft Visual Studio Solution File, Format Version 12.00
# Visual Studio 14
VisualStudioVersion = 14.0.25420.1
MinimumVisualStudioVersion = 10.0.40219.1
Project("{FAE04EC0-301F-11D3-BF4B-00C04F79EFBC}") = "3.17_1", "3.17_1\3.17_1.csproj", "{EAC3DD07-11DC-4D18-98B4-E82CB3DAB916}"
EndProject
Global
	GlobalSection(SolutionConfigurationPlatforms) = preSolution
		Debug|Any CPU = Debug|Any CPU
		Release|Any CPU = Release|Any CPU
	EndGlobalSection
	GlobalSection(ProjectConfigurationPlatforms) = postSolution
		{EAC3DD07-11DC-4D18-98B4-E82CB3DAB916}.Debug|Any CPU.ActiveCfg = Debug|Any CPU
		{EAC3DD07-11DC-4D18-98B4-E82CB3DAB916}.Debug|Any CPU.Build.0 = Debug|Any CPU
		{EAC3DD07-11DC-4D18-98B4-E82CB3DAB916}.Release|Any CPU.ActiveCfg = Release|Any CPU
		{EAC3DD07-11DC-4D18-98B4-E82CB3DAB916}.Release|Any CPU.Build.0 = Release|Any CPU
	EndGlobalSection
	GlobalSection(SolutionProperties) = preSolution
		HideSolutionNode = FALSE
	EndGlobalSection
EndGlobal
